
Microsoft Visual Studio Solution File, Format Version 12.00
# Visual Studio Version 17
VisualStudioVersion = 17.10.35027.167
MinimumVisualStudioVersion = 10.0.40219.1
Project("{9A19103F-16F7-4668-BE54-9A1E7A4F7556}") = "ConvertIntToString", "ConvertIntToString\ConvertIntToString.csproj", "{ED496C8C-3022-4FC6-9425-41A30C239122}"
EndProject
Project("{9A19103F-16F7-4668-BE54-9A1E7A4F7556}") = "ConvertIntToStringTest", "ConvertIntToStringTest\ConvertIntToStringTest.csproj", "{F34E341E-39F7-4B23-B863-544363B26DC1}"
EndProject
Global
	GlobalSection(SolutionConfigurationPlatforms) = preSolution
		Debug|Any CPU = Debug|Any CPU
		Release|Any CPU = Release|Any CPU
	EndGlobalSection
	GlobalSection(ProjectConfigurationPlatforms) = postSolution
		{ED496C8C-3022-4FC6-9425-41A30C239122}.Debug|Any CPU.ActiveCfg = Debug|Any CPU
		{ED496C8C-3022-4FC6-9425-41A30C239122}.Debug|Any CPU.Build.0 = Debug|Any CPU
		{ED496C8C-3022-4FC6-9425-41A30C239122}.Release|Any CPU.ActiveCfg = Release|Any CPU
		{ED496C8C-3022-4FC6-9425-41A30C239122}.Release|Any CPU.Build.0 = Release|Any CPU
		{F34E341E-39F7-4B23-B863-544363B26DC1}.Debug|Any CPU.ActiveCfg = Debug|Any CPU
		{F34E341E-39F7-4B23-B863-544363B26DC1}.Debug|Any CPU.Build.0 = Debug|Any CPU
		{F34E341E-39F7-4B23-B863-544363B26DC1}.Release|Any CPU.ActiveCfg = Release|Any CPU
		{F34E341E-39F7-4B23-B863-544363B26DC1}.Release|Any CPU.Build.0 = Release|Any CPU
	EndGlobalSection
	GlobalSection(SolutionProperties) = preSolution
		HideSolutionNode = FALSE
	EndGlobalSection
	GlobalSection(ExtensibilityGlobals) = postSolution
		SolutionGuid = {AC67A810-5A47-445E-8C8E-98FF45E2720D}
	EndGlobalSection
EndGlobal
